version: 6
environments:
  default:
    channels:
    - url: https://conda.anaconda.org/conda-forge/
    packages:
      osx-64:
      - conda: https://conda.anaconda.org/conda-forge/osx-64/brotli-1.1.0-h6e16a3a_3.conda
      - conda: https://conda.anaconda.org/conda-forge/osx-64/brotli-bin-1.1.0-h6e16a3a_3.conda
      - conda: https://conda.anaconda.org/conda-forge/osx-64/bzip2-1.0.8-hfdf4475_7.conda
      - conda: https://conda.anaconda.org/conda-forge/noarch/ca-certificates-2025.7.14-hbd8a1cb_0.conda
      - conda: https://conda.anaconda.org/conda-forge/osx-64/contourpy-1.3.3-py313hc551f4f_0.conda
      - conda: https://conda.anaconda.org/conda-forge/noarch/cycler-0.12.1-pyhd8ed1ab_1.conda
      - conda: https://conda.anaconda.org/conda-forge/osx-64/fonttools-4.59.0-py313h4db2fa4_0.conda
      - conda: https://conda.anaconda.org/conda-forge/osx-64/freetype-2.13.3-h694c41f_1.conda
      - conda: https://conda.anaconda.org/conda-forge/osx-64/icu-75.1-h120a0e1_0.conda
      - conda: https://conda.anaconda.org/conda-forge/noarch/joblib-1.5.1-pyhd8ed1ab_0.conda
      - conda: https://conda.anaconda.org/conda-forge/osx-64/kiwisolver-1.4.8-py313ha0b1807_1.conda
      - conda: https://conda.anaconda.org/conda-forge/osx-64/lcms2-2.17-h72f5680_0.conda
      - conda: https://conda.anaconda.org/conda-forge/osx-64/lerc-4.0.0-hcca01a6_1.conda
      - conda: https://conda.anaconda.org/conda-forge/osx-64/libblas-3.9.0-32_h7f60823_openblas.conda
      - conda: https://conda.anaconda.org/conda-forge/osx-64/libbrotlicommon-1.1.0-h6e16a3a_3.conda
      - conda: https://conda.anaconda.org/conda-forge/osx-64/libbrotlidec-1.1.0-h6e16a3a_3.conda
      - conda: https://conda.anaconda.org/conda-forge/osx-64/libbrotlienc-1.1.0-h6e16a3a_3.conda
      - conda: https://conda.anaconda.org/conda-forge/osx-64/libcblas-3.9.0-32_hff6cab4_openblas.conda
      - conda: https://conda.anaconda.org/conda-forge/osx-64/libcxx-20.1.8-h3d58e20_1.conda
      - conda: https://conda.anaconda.org/conda-forge/osx-64/libdeflate-1.24-hcc1b750_0.conda
      - conda: https://conda.anaconda.org/conda-forge/osx-64/libexpat-2.7.1-h21dd04a_0.conda
      - conda: https://conda.anaconda.org/conda-forge/osx-64/libffi-3.4.6-h281671d_1.conda
      - conda: https://conda.anaconda.org/conda-forge/osx-64/libfreetype-2.13.3-h694c41f_1.conda
      - conda: https://conda.anaconda.org/conda-forge/osx-64/libfreetype6-2.13.3-h40dfd5c_1.conda
      - conda: https://conda.anaconda.org/conda-forge/osx-64/libgfortran-15.1.0-h5f6db21_0.conda
      - conda: https://conda.anaconda.org/conda-forge/osx-64/libgfortran5-15.1.0-hfa3c126_0.conda
      - conda: https://conda.anaconda.org/conda-forge/osx-64/libjpeg-turbo-3.1.0-h6e16a3a_0.conda
      - conda: https://conda.anaconda.org/conda-forge/osx-64/liblapack-3.9.0-32_h236ab99_openblas.conda
      - conda: https://conda.anaconda.org/conda-forge/osx-64/liblzma-5.8.1-hd471939_2.conda
      - conda: https://conda.anaconda.org/conda-forge/osx-64/libmpdec-4.0.0-h6e16a3a_0.conda
      - conda: https://conda.anaconda.org/conda-forge/osx-64/libopenblas-0.3.30-openmp_h83c2472_1.conda
      - conda: https://conda.anaconda.org/conda-forge/osx-64/libpng-1.6.50-h3c4a55f_0.conda
      - conda: https://conda.anaconda.org/conda-forge/osx-64/libsqlite-3.50.3-h875aaf5_1.conda
      - conda: https://conda.anaconda.org/conda-forge/osx-64/libtiff-4.7.0-h1167cee_5.conda
      - conda: https://conda.anaconda.org/conda-forge/osx-64/libwebp-base-1.6.0-hb807250_0.conda
      - conda: https://conda.anaconda.org/conda-forge/osx-64/libxcb-1.17.0-hf1f96e2_0.conda
      - conda: https://conda.anaconda.org/conda-forge/osx-64/libzlib-1.3.1-hd23fc13_2.conda
      - conda: https://conda.anaconda.org/conda-forge/osx-64/llvm-openmp-20.1.8-hf4e0ed4_0.conda
      - conda: https://conda.anaconda.org/conda-forge/osx-64/matplotlib-3.10.3-py313habf4b1d_0.conda
      - conda: https://conda.anaconda.org/conda-forge/osx-64/matplotlib-base-3.10.3-py313he981572_0.conda
      - conda: https://conda.anaconda.org/conda-forge/noarch/munkres-1.1.4-pyhd8ed1ab_1.conda
      - conda: https://conda.anaconda.org/conda-forge/osx-64/ncurses-6.5-h0622a9a_3.conda
      - conda: https://conda.anaconda.org/conda-forge/osx-64/numpy-2.3.2-py313hdb1a8e5_0.conda
      - conda: https://conda.anaconda.org/conda-forge/osx-64/openjpeg-2.5.3-h7fd6d84_0.conda
      - conda: https://conda.anaconda.org/conda-forge/osx-64/openssl-3.5.1-hc426f3f_0.conda
      - conda: https://conda.anaconda.org/conda-forge/noarch/packaging-25.0-pyh29332c3_1.conda
      - conda: https://conda.anaconda.org/conda-forge/osx-64/pillow-11.3.0-py313h0c4f865_0.conda
      - conda: https://conda.anaconda.org/conda-forge/osx-64/pthread-stubs-0.4-h00291cd_1002.conda
      - conda: https://conda.anaconda.org/conda-forge/noarch/pyparsing-3.2.3-pyhd8ed1ab_1.conda
      - conda: https://conda.anaconda.org/conda-forge/osx-64/python-3.13.5-hc3a4c56_102_cp313.conda
      - conda: https://conda.anaconda.org/conda-forge/noarch/python-dateutil-2.9.0.post0-pyhe01879c_2.conda
      - conda: https://conda.anaconda.org/conda-forge/noarch/python_abi-3.13-8_cp313.conda
      - conda: https://conda.anaconda.org/conda-forge/osx-64/qhull-2020.2-h3c5361c_5.conda
      - conda: https://conda.anaconda.org/conda-forge/osx-64/readline-8.2-h7cca4af_2.conda
      - conda: https://conda.anaconda.org/conda-forge/osx-64/scikit-learn-1.7.1-py313hbe0a5c7_0.conda
      - conda: https://conda.anaconda.org/conda-forge/osx-64/scipy-1.15.2-py313h7e69c36_0.conda
      - conda: https://conda.anaconda.org/conda-forge/noarch/setuptools-80.9.0-pyhff2d567_0.conda
      - conda: https://conda.anaconda.org/conda-forge/noarch/six-1.17.0-pyhe01879c_1.conda
      - conda: https://conda.anaconda.org/conda-forge/noarch/threadpoolctl-3.6.0-pyhecae5ae_0.conda
      - conda: https://conda.anaconda.org/conda-forge/osx-64/tk-8.6.13-hf689a15_2.conda
      - conda: https://conda.anaconda.org/conda-forge/osx-64/tornado-6.5.1-py313h63b0ddb_0.conda
      - conda: https://conda.anaconda.org/conda-forge/noarch/tzdata-2025b-h78e105d_0.conda
      - conda: https://conda.anaconda.org/conda-forge/osx-64/xorg-libxau-1.0.12-h6e16a3a_0.conda
      - conda: https://conda.anaconda.org/conda-forge/osx-64/xorg-libxdmcp-1.1.5-h00291cd_0.conda
      - conda: https://conda.anaconda.org/conda-forge/osx-64/zstd-1.5.7-h8210216_2.conda
packages:
- conda: https://conda.anaconda.org/conda-forge/osx-64/brotli-1.1.0-h6e16a3a_3.conda
  sha256: cd44fe22eeb1dec1ec52402f149faebb5f304f39bf59d97eb56f4c0f41e051d8
  md5: 44903b29bc866576c42d5c0a25e76569
  depends:
  - __osx >=10.13
  - brotli-bin 1.1.0 h6e16a3a_3
  - libbrotlidec 1.1.0 h6e16a3a_3
  - libbrotlienc 1.1.0 h6e16a3a_3
  license: MIT
  license_family: MIT
  size: 19997
  timestamp: 1749230354697
- conda: https://conda.anaconda.org/conda-forge/osx-64/brotli-bin-1.1.0-h6e16a3a_3.conda
  sha256: 52c29e70723387e9b4265b45ee1ae5ecb2db7bcffa58cdaa22fe24b56b0505bf
  md5: a240d09be7c84cb1d33535ebd36fe422
  depends:
  - __osx >=10.13
  - libbrotlidec 1.1.0 h6e16a3a_3
  - libbrotlienc 1.1.0 h6e16a3a_3
  license: MIT
  license_family: MIT
  size: 17239
  timestamp: 1749230337410
- conda: https://conda.anaconda.org/conda-forge/osx-64/bzip2-1.0.8-hfdf4475_7.conda
  sha256: cad153608b81fb24fc8c509357daa9ae4e49dfc535b2cb49b91e23dbd68fc3c5
  md5: 7ed4301d437b59045be7e051a0308211
  depends:
  - __osx >=10.13
  license: bzip2-1.0.6
  license_family: BSD
  purls: []
  size: 134188
  timestamp: 1720974491916
- conda: https://conda.anaconda.org/conda-forge/noarch/ca-certificates-2025.7.14-hbd8a1cb_0.conda
  sha256: 29defbd83c7829788358678ec996adeee252fa4d4274b7cd386c1ed73d2b201e
  md5: d16c90324aef024877d8713c0b7fea5b
  depends:
  - __unix
  license: ISC
  purls: []
  size: 155658
  timestamp: 1752482350666
- conda: https://conda.anaconda.org/conda-forge/osx-64/contourpy-1.3.3-py313hc551f4f_0.conda
  sha256: 21a28adc80647b78d219fc90a2057666646d41cb88502a5e2d5f2332b6df2295
  md5: 0a11d16b8d6d48a93fe23b8897328af8
  depends:
  - __osx >=10.13
  - libcxx >=19
  - numpy >=1.23
  - python >=3.13,<3.14.0a0
  - python_abi 3.13.* *_cp313
  license: BSD-3-Clause
  size: 269016
  timestamp: 1753561263202
- conda: https://conda.anaconda.org/conda-forge/noarch/cycler-0.12.1-pyhd8ed1ab_1.conda
  sha256: 9827efa891e507a91a8a2acf64e210d2aff394e1cde432ad08e1f8c66b12293c
  md5: 44600c4667a319d67dbe0681fc0bc833
  depends:
  - python >=3.9
  license: BSD-3-Clause
  license_family: BSD
  size: 13399
  timestamp: 1733332563512
- conda: https://conda.anaconda.org/conda-forge/osx-64/fonttools-4.59.0-py313h4db2fa4_0.conda
  sha256: 1dde64d80674b3fd3284c9e3d4b0d562974a32bcffe3a4682e616dccdacde7ec
  md5: 1dab5b45690c319aba7d846f9267349c
  depends:
  - __osx >=10.13
  - brotli
  - munkres
  - python >=3.13,<3.14.0a0
  - python_abi 3.13.* *_cp313
  license: MIT
  license_family: MIT
  size: 2826499
  timestamp: 1752722984516
- conda: https://conda.anaconda.org/conda-forge/osx-64/freetype-2.13.3-h694c41f_1.conda
  sha256: e2870e983889eec73fdc0d4ab27d3f6501de4750ffe32d7d0a3a287f00bc2f15
  md5: 126dba1baf5030cb6f34533718924577
  depends:
  - libfreetype 2.13.3 h694c41f_1
  - libfreetype6 2.13.3 h40dfd5c_1
  license: GPL-2.0-only OR FTL
  size: 172649
  timestamp: 1745370231293
- conda: https://conda.anaconda.org/conda-forge/osx-64/icu-75.1-h120a0e1_0.conda
  sha256: 2e64307532f482a0929412976c8450c719d558ba20c0962832132fd0d07ba7a7
  md5: d68d48a3060eb5abdc1cdc8e2a3a5966
  depends:
  - __osx >=10.13
  license: MIT
  license_family: MIT
  purls: []
  size: 11761697
  timestamp: 1720853679409
- conda: https://conda.anaconda.org/conda-forge/noarch/joblib-1.5.1-pyhd8ed1ab_0.conda
  sha256: e5a4eca9a5d8adfaa3d51e24eefd1a6d560cb3b33a7e1eee13e410bec457b7ed
  md5: fb1c14694de51a476ce8636d92b6f42c
  depends:
  - python >=3.9
  - setuptools
  license: BSD-3-Clause
  license_family: BSD
  size: 224437
  timestamp: 1748019237972
- conda: https://conda.anaconda.org/conda-forge/osx-64/kiwisolver-1.4.8-py313ha0b1807_1.conda
  sha256: b8a24f8d2060b0277de05b36582d4342c7ef95753b1b2f4749eeefcebff16bfd
  md5: 32cf8c99c5559e08f336d79436fbe873
  depends:
  - __osx >=10.13
  - libcxx >=18
  - python >=3.13,<3.14.0a0
  - python_abi 3.13.* *_cp313
  license: BSD-3-Clause
  license_family: BSD
  size: 63711
  timestamp: 1751494112358
- conda: https://conda.anaconda.org/conda-forge/osx-64/lcms2-2.17-h72f5680_0.conda
  sha256: bcb81543e49ff23e18dea79ef322ab44b8189fb11141b1af99d058503233a5fc
  md5: bf210d0c63f2afb9e414a858b79f0eaa
  depends:
  - __osx >=10.13
  - libjpeg-turbo >=3.0.0,<4.0a0
  - libtiff >=4.7.0,<4.8.0a0
  license: MIT
  license_family: MIT
  size: 226001
  timestamp: 1739161050843
- conda: https://conda.anaconda.org/conda-forge/osx-64/lerc-4.0.0-hcca01a6_1.conda
  sha256: cc1f1d7c30aa29da4474ec84026ec1032a8df1d7ec93f4af3b98bb793d01184e
  md5: 21f765ced1a0ef4070df53cb425e1967
  depends:
  - __osx >=10.13
  - libcxx >=18
  license: Apache-2.0
  license_family: Apache
  size: 248882
  timestamp: 1745264331196
- conda: https://conda.anaconda.org/conda-forge/osx-64/libblas-3.9.0-32_h7f60823_openblas.conda
  build_number: 32
  sha256: e441fcc46858a9a073e4344c80e267aee3b95ec01b02e37205c36be79eec0694
  md5: 0f7197e3b4ecfa8aa24a371c3eaabb8a
  depends:
  - libopenblas >=0.3.30,<0.3.31.0a0
  - libopenblas >=0.3.30,<1.0a0
  constrains:
  - liblapack  3.9.0   32*_openblas
  - blas 2.132   openblas
  - mkl <2025
  - liblapacke 3.9.0   32*_openblas
  - libcblas   3.9.0   32*_openblas
  license: BSD-3-Clause
  license_family: BSD
  purls: []
  size: 17571
  timestamp: 1750389030403
- conda: https://conda.anaconda.org/conda-forge/osx-64/libbrotlicommon-1.1.0-h6e16a3a_3.conda
  sha256: 23952b1dc3cd8be168995da2d7cc719dac4f2ec5d478ba4c65801681da6f9f52
  md5: ec21ca03bcc08f89b7e88627ae787eaf
  depends:
  - __osx >=10.13
  license: MIT
  license_family: MIT
  size: 67817
  timestamp: 1749230267706
- conda: https://conda.anaconda.org/conda-forge/osx-64/libbrotlidec-1.1.0-h6e16a3a_3.conda
  sha256: 499374a97637e4c6da0403ced7c9860d25305c6cb92c70dded738134c4973c67
  md5: 71d03e5e44801782faff90c455b3e69a
  depends:
  - __osx >=10.13
  - libbrotlicommon 1.1.0 h6e16a3a_3
  license: MIT
  license_family: MIT
  size: 30627
  timestamp: 1749230291245
- conda: https://conda.anaconda.org/conda-forge/osx-64/libbrotlienc-1.1.0-h6e16a3a_3.conda
  sha256: e6d7a42fe87a23df03c482c885e428cc965d1628f18e5cee47575f6216c7fbc5
  md5: 94c0090989db51216f40558958a3dd40
  depends:
  - __osx >=10.13
  - libbrotlicommon 1.1.0 h6e16a3a_3
  license: MIT
  license_family: MIT
  size: 295250
  timestamp: 1749230310752
- conda: https://conda.anaconda.org/conda-forge/osx-64/libcblas-3.9.0-32_hff6cab4_openblas.conda
  build_number: 32
  sha256: 745f6dd420389809c333734df6edc99d75caa3633e4778158c7549c6844af440
  md5: 2c1e774d4546cf542eaee5781eb8940b
  depends:
  - libblas 3.9.0 32_h7f60823_openblas
  constrains:
  - blas 2.132   openblas
  - liblapack  3.9.0   32*_openblas
  - liblapacke 3.9.0   32*_openblas
  license: BSD-3-Clause
  license_family: BSD
  purls: []
  size: 17574
  timestamp: 1750389040732
- conda: https://conda.anaconda.org/conda-forge/osx-64/libcxx-20.1.8-h3d58e20_1.conda
  sha256: 9643d6c5a94499cddb5ae1bccc4f78aef8cfd77bcf6b37ad325bc7232a8a870f
  md5: d2db320b940047515f7a27f870984fe7
  depends:
  - __osx >=10.13
  license: Apache-2.0 WITH LLVM-exception
  license_family: Apache
  purls: []
  size: 564830
  timestamp: 1752814841086
- conda: https://conda.anaconda.org/conda-forge/osx-64/libdeflate-1.24-hcc1b750_0.conda
  sha256: 2733a4adf53daca1aa4f41fe901f0f8ee9e4c509abd23ffcd7660013772d6f45
  md5: f0a46c359722a3e84deb05cd4072d153
  depends:
  - __osx >=10.13
  license: MIT
  license_family: MIT
  size: 69751
  timestamp: 1747040526774
- conda: https://conda.anaconda.org/conda-forge/osx-64/libexpat-2.7.1-h21dd04a_0.conda
  sha256: 689862313571b62ee77ee01729dc093f2bf25a2f99415fcfe51d3a6cd31cce7b
  md5: 9fdeae0b7edda62e989557d645769515
  depends:
  - __osx >=10.13
  constrains:
  - expat 2.7.1.*
  license: MIT
  license_family: MIT
  purls: []
  size: 72450
  timestamp: 1752719744781
- conda: https://conda.anaconda.org/conda-forge/osx-64/libffi-3.4.6-h281671d_1.conda
  sha256: 6394b1bc67c64a21a5cc73d1736d1d4193a64515152e861785c44d2cfc49edf3
  md5: 4ca9ea59839a9ca8df84170fab4ceb41
  depends:
  - __osx >=10.13
  license: MIT
  license_family: MIT
  purls: []
  size: 51216
  timestamp: 1743434595269
- conda: https://conda.anaconda.org/conda-forge/osx-64/libfreetype-2.13.3-h694c41f_1.conda
  sha256: afe0e2396844c8cfdd6256ac84cabc9af823b1727f704c137b030b85839537a6
  md5: 07c8d3fbbe907f32014b121834b36dd5
  depends:
  - libfreetype6 >=2.13.3
  license: GPL-2.0-only OR FTL
  size: 7805
  timestamp: 1745370212559
- conda: https://conda.anaconda.org/conda-forge/osx-64/libfreetype6-2.13.3-h40dfd5c_1.conda
  sha256: 058165962aa64fc5a6955593212c0e1ea42ca6d6dba60ee61dff612d4c3818d7
  md5: c76e6f421a0e95c282142f820835e186
  depends:
  - __osx >=10.13
  - libpng >=1.6.47,<1.7.0a0
  - libzlib >=1.3.1,<2.0a0
  constrains:
  - freetype >=2.13.3
  license: GPL-2.0-only OR FTL
  size: 357654
  timestamp: 1745370210187
- conda: https://conda.anaconda.org/conda-forge/osx-64/libgfortran-15.1.0-h5f6db21_0.conda
  sha256: 10efd2a1e18641dfcb57bdc14aaebabe9b24020cf1a5d9d2ec8d7cd9b2352583
  md5: bca8f1344f0b6e3002a600f4379f8f2f
  depends:
  - libgfortran5 15.1.0 hfa3c126_0
  license: GPL-3.0-only WITH GCC-exception-3.1
  license_family: GPL
  purls: []
  size: 134053
  timestamp: 1750181840950
- conda: https://conda.anaconda.org/conda-forge/osx-64/libgfortran5-15.1.0-hfa3c126_0.conda
  sha256: b8e892f5b96d839f7bf6de267329c145160b1f33d399b053d8602085fdbf26b2
  md5: c97d2a80518051c0e88089c51405906b
  depends:
  - llvm-openmp >=8.0.0
  constrains:
  - libgfortran 15.1.0
  license: GPL-3.0-only WITH GCC-exception-3.1
  license_family: GPL
  purls: []
  size: 1226396
  timestamp: 1750181111194
- conda: https://conda.anaconda.org/conda-forge/osx-64/libjpeg-turbo-3.1.0-h6e16a3a_0.conda
  sha256: 9c0009389c1439ec96a08e3bf7731ac6f0eab794e0a133096556a9ae10be9c27
  md5: 87537967e6de2f885a9fcebd42b7cb10
  depends:
  - __osx >=10.13
  constrains:
  - jpeg <0.0.0a
  license: IJG AND BSD-3-Clause AND Zlib
  size: 586456
  timestamp: 1745268522731
- conda: https://conda.anaconda.org/conda-forge/osx-64/liblapack-3.9.0-32_h236ab99_openblas.conda
  build_number: 32
  sha256: 1e26450b80525b3f656e9c75fd26a10ebaa1d339fe4ca9c7affbebd9acbeac03
  md5: ccdca0c0730ad795e064d81dbe540723
  depends:
  - libblas 3.9.0 32_h7f60823_openblas
  constrains:
  - blas 2.132   openblas
  - liblapacke 3.9.0   32*_openblas
  - libcblas   3.9.0   32*_openblas
  license: BSD-3-Clause
  license_family: BSD
  purls: []
  size: 17553
  timestamp: 1750389051033
- conda: https://conda.anaconda.org/conda-forge/osx-64/liblzma-5.8.1-hd471939_2.conda
  sha256: 7e22fd1bdb8bf4c2be93de2d4e718db5c548aa082af47a7430eb23192de6bb36
  md5: 8468beea04b9065b9807fc8b9cdc5894
  depends:
  - __osx >=10.13
  constrains:
  - xz 5.8.1.*
  license: 0BSD
  purls: []
  size: 104826
  timestamp: 1749230155443
- conda: https://conda.anaconda.org/conda-forge/osx-64/libmpdec-4.0.0-h6e16a3a_0.conda
  sha256: 98299c73c7a93cd4f5ff8bb7f43cd80389f08b5a27a296d806bdef7841cc9b9e
  md5: 18b81186a6adb43f000ad19ed7b70381
  depends:
  - __osx >=10.13
  license: BSD-2-Clause
  license_family: BSD
  purls: []
  size: 77667
  timestamp: 1748393757154
- conda: https://conda.anaconda.org/conda-forge/osx-64/libopenblas-0.3.30-openmp_h83c2472_1.conda
  sha256: 4e5fbf58105606c1cf77e2dda8ffca9e344c890353fe3e5d63211277dbba266e
  md5: 1719f55187f999004d1a69c43b50e9da
  depends:
  - __osx >=10.13
  - libgfortran
  - libgfortran5 >=14.3.0
  - llvm-openmp >=19.1.7
  constrains:
  - openblas >=0.3.30,<0.3.31.0a0
  license: BSD-3-Clause
  purls: []
  size: 6261418
  timestamp: 1753406214733
- conda: https://conda.anaconda.org/conda-forge/osx-64/libpng-1.6.50-h3c4a55f_0.conda
  sha256: a6b51f7056d3f5cf7e71f87314e7b3bb3b6ac5e38a4fb366cf500790e325ffd2
  md5: 0b750895b4a3cbd06e685f86c24c205d
  depends:
  - __osx >=10.13
  - libzlib >=1.3.1,<2.0a0
  license: zlib-acknowledgement
  size: 267202
  timestamp: 1751559565046
- conda: https://conda.anaconda.org/conda-forge/osx-64/libsqlite-3.50.3-h875aaf5_1.conda
  sha256: 3a585d1ddf823a3d7b033196d4aa769971922a984b0735ba741f3cc756a2e576
  md5: 10de0664b3e6f560c7707890aca8174c
  depends:
  - __osx >=10.13
  - icu >=75.1,<76.0a0
  - libzlib >=1.3.1,<2.0a0
  license: blessing
  purls: []
  size: 984580
  timestamp: 1753262751819
- conda: https://conda.anaconda.org/conda-forge/osx-64/libtiff-4.7.0-h1167cee_5.conda
  sha256: 517a34be9fc697aaf930218f6727a2eff7c38ee57b3b41fd7d1cc0d72aaac562
  md5: fc84af14a09e779f1d37ab1d16d5c4e2
  depends:
  - __osx >=10.13
  - lerc >=4.0.0,<5.0a0
  - libcxx >=18
  - libdeflate >=1.24,<1.25.0a0
  - libjpeg-turbo >=3.1.0,<4.0a0
  - liblzma >=5.8.1,<6.0a0
  - libwebp-base >=1.5.0,<2.0a0
  - libzlib >=1.3.1,<2.0a0
  - zstd >=1.5.7,<1.6.0a0
  license: HPND
  size: 400062
  timestamp: 1747067122967
- conda: https://conda.anaconda.org/conda-forge/osx-64/libwebp-base-1.6.0-hb807250_0.conda
  sha256: 00dbfe574b5d9b9b2b519acb07545380a6bc98d1f76a02695be4995d4ec91391
  md5: 7bb6608cf1f83578587297a158a6630b
  depends:
  - __osx >=10.13
  constrains:
  - libwebp 1.6.0
  license: BSD-3-Clause
  license_family: BSD
  size: 365086
  timestamp: 1752159528504
- conda: https://conda.anaconda.org/conda-forge/osx-64/libxcb-1.17.0-hf1f96e2_0.conda
  sha256: 8896cd5deff6f57d102734f3e672bc17120613647288f9122bec69098e839af7
  md5: bbeca862892e2898bdb45792a61c4afc
  depends:
  - __osx >=10.13
  - pthread-stubs
  - xorg-libxau >=1.0.11,<2.0a0
  - xorg-libxdmcp
  license: MIT
  license_family: MIT
  size: 323770
  timestamp: 1727278927545
- conda: https://conda.anaconda.org/conda-forge/osx-64/libzlib-1.3.1-hd23fc13_2.conda
  sha256: 8412f96504fc5993a63edf1e211d042a1fd5b1d51dedec755d2058948fcced09
  md5: 003a54a4e32b02f7355b50a837e699da
  depends:
  - __osx >=10.13
  constrains:
  - zlib 1.3.1 *_2
  license: Zlib
  license_family: Other
  purls: []
  size: 57133
  timestamp: 1727963183990
- conda: https://conda.anaconda.org/conda-forge/osx-64/llvm-openmp-20.1.8-hf4e0ed4_0.conda
  sha256: 9f4161cbb2d17c9622380ec0c59938bd1600324e30a48a770509fbe6d9eee8af
  md5: ab3b31ebe0afdf903fa5ac7f13357e39
  depends:
  - __osx >=10.13
  constrains:
  - openmp 20.1.8|20.1.8.*
  license: Apache-2.0 WITH LLVM-exception
  license_family: APACHE
  purls: []
  size: 308578
  timestamp: 1752565939065
- conda: https://conda.anaconda.org/conda-forge/osx-64/matplotlib-3.10.3-py313habf4b1d_0.conda
  sha256: ecb56aff921b5f293279b8520bce0e9f2012c911122021d7bcf3cc0dade6440b
  md5: c1043254f405998ece984e5f66a10943
  depends:
  - matplotlib-base >=3.10.3,<3.10.4.0a0
  - python >=3.13,<3.14.0a0
  - python_abi 3.13.* *_cp313
  - tornado >=5
  license: PSF-2.0
  license_family: PSF
  size: 17410
  timestamp: 1746820954790
- conda: https://conda.anaconda.org/conda-forge/osx-64/matplotlib-base-3.10.3-py313he981572_0.conda
  sha256: 4f904fe1bb1951d83bdcb66a19d02cf88fd2f330507221753e774adcd8f4a69f
  md5: 91c22969c0974f2f23470d517774d457
  depends:
  - __osx >=10.13
  - contourpy >=1.0.1
  - cycler >=0.10
  - fonttools >=4.22.0
  - freetype
  - kiwisolver >=1.3.1
  - libcxx >=18
  - libfreetype >=2.13.3
  - libfreetype6 >=2.13.3
  - numpy >=1.21,<3
  - numpy >=1.23
  - packaging >=20.0
  - pillow >=8
  - pyparsing >=2.3.1
  - python >=3.13,<3.14.0a0
  - python-dateutil >=2.7
  - python_abi 3.13.* *_cp313
  - qhull >=2020.2,<2020.3.0a0
  license: PSF-2.0
  license_family: PSF
  size: 8151792
  timestamp: 1746820926548
- conda: https://conda.anaconda.org/conda-forge/noarch/munkres-1.1.4-pyhd8ed1ab_1.conda
  sha256: d09c47c2cf456de5c09fa66d2c3c5035aa1fa228a1983a433c47b876aa16ce90
  md5: 37293a85a0f4f77bbd9cf7aaefc62609
  depends:
  - python >=3.9
  license: Apache-2.0
  license_family: Apache
  size: 15851
  timestamp: 1749895533014
- conda: https://conda.anaconda.org/conda-forge/osx-64/ncurses-6.5-h0622a9a_3.conda
  sha256: ea4a5d27ded18443749aefa49dc79f6356da8506d508b5296f60b8d51e0c4bd9
  md5: ced34dd9929f491ca6dab6a2927aff25
  depends:
  - __osx >=10.13
  license: X11 AND BSD-3-Clause
  purls: []
  size: 822259
  timestamp: 1738196181298
- conda: https://conda.anaconda.org/conda-forge/osx-64/numpy-2.3.2-py313hdb1a8e5_0.conda
  sha256: 181ca508c5f2c8aab4047cc8a6ecdf596e0897c7b137bcd36ad784fa8f184d35
  md5: 6cdf47cd7a9cb038ee6f7997ab4bb59b
  depends:
  - python
  - __osx >=10.13
  - libcxx >=19
  - liblapack >=3.9.0,<4.0a0
  - python_abi 3.13.* *_cp313
  - libblas >=3.9.0,<4.0a0
  - libcblas >=3.9.0,<4.0a0
  constrains:
  - numpy-base <0a0
  license: BSD-3-Clause
  purls:
  - pkg:pypi/numpy?source=hash-mapping
  size: 8031795
  timestamp: 1753401536338
- conda: https://conda.anaconda.org/conda-forge/osx-64/openjpeg-2.5.3-h7fd6d84_0.conda
  sha256: faea03f36c9aa3524c911213b116da41695ff64b952d880551edee2843fe115b
  md5: 025c711177fc3309228ca1a32374458d
  depends:
  - __osx >=10.13
  - libcxx >=18
  - libpng >=1.6.44,<1.7.0a0
  - libtiff >=4.7.0,<4.8.0a0
  - libzlib >=1.3.1,<2.0a0
  license: BSD-2-Clause
  license_family: BSD
  size: 332320
  timestamp: 1733816828284
- conda: https://conda.anaconda.org/conda-forge/osx-64/openssl-3.5.1-hc426f3f_0.conda
  sha256: d5dc7da2ef7502a14f88443675c4894db336592ac7b9ae0517e1339ebb94f38a
  md5: f1ac2dbc36ce2017bd8f471960b1261d
  depends:
  - __osx >=10.13
  - ca-certificates
  license: Apache-2.0
  license_family: Apache
  purls: []
  size: 2744123
  timestamp: 1751391059798
- conda: https://conda.anaconda.org/conda-forge/noarch/packaging-25.0-pyh29332c3_1.conda
  sha256: 289861ed0c13a15d7bbb408796af4de72c2fe67e2bcb0de98f4c3fce259d7991
  md5: 58335b26c38bf4a20f399384c33cbcf9
  depends:
  - python >=3.8
  - python
  license: Apache-2.0
  license_family: APACHE
  size: 62477
  timestamp: 1745345660407
- conda: https://conda.anaconda.org/conda-forge/osx-64/pillow-11.3.0-py313h0c4f865_0.conda
  sha256: fe97af28686fa56c90437a3d7d07230f68d364cf8b92b5c8005bc03520bf0bb7
  md5: 4cedae60046caf240dda5b29ba2f60a7
  depends:
  - __osx >=10.13
  - lcms2 >=2.17,<3.0a0
  - libfreetype >=2.13.3
  - libfreetype6 >=2.13.3
  - libjpeg-turbo >=3.1.0,<4.0a0
  - libtiff >=4.7.0,<4.8.0a0
  - libwebp-base >=1.5.0,<2.0a0
  - libxcb >=1.17.0,<2.0a0
  - libzlib >=1.3.1,<2.0a0
  - openjpeg >=2.5.3,<3.0a0
  - python >=3.13,<3.14.0a0
  - python_abi 3.13.* *_cp313
  - tk >=8.6.13,<8.7.0a0
  license: HPND
  size: 42282880
  timestamp: 1751482328308
- conda: https://conda.anaconda.org/conda-forge/osx-64/pthread-stubs-0.4-h00291cd_1002.conda
  sha256: 05944ca3445f31614f8c674c560bca02ff05cb51637a96f665cb2bbe496099e5
  md5: 8bcf980d2c6b17094961198284b8e862
  depends:
  - __osx >=10.13
  license: MIT
  license_family: MIT
  size: 8364
  timestamp: 1726802331537
- conda: https://conda.anaconda.org/conda-forge/noarch/pyparsing-3.2.3-pyhd8ed1ab_1.conda
  sha256: b92afb79b52fcf395fd220b29e0dd3297610f2059afac45298d44e00fcbf23b6
  md5: 513d3c262ee49b54a8fec85c5bc99764
  depends:
  - python >=3.9
  license: MIT
  license_family: MIT
  size: 95988
  timestamp: 1743089832359
- conda: https://conda.anaconda.org/conda-forge/osx-64/python-3.13.5-hc3a4c56_102_cp313.conda
  build_number: 102
  sha256: 8b2f14010eb0baf04ed1eb3908c9e184cd14512c4d64c43f313251b90e75b345
  md5: afa9492a7d31f6f7189ca8f08aceadac
  depends:
  - __osx >=10.13
  - bzip2 >=1.0.8,<2.0a0
  - libexpat >=2.7.0,<3.0a0
  - libffi >=3.4.6,<3.5.0a0
  - liblzma >=5.8.1,<6.0a0
  - libmpdec >=4.0.0,<5.0a0
  - libsqlite >=3.50.1,<4.0a0
  - libzlib >=1.3.1,<2.0a0
  - ncurses >=6.5,<7.0a0
  - openssl >=3.5.0,<4.0a0
  - python_abi 3.13.* *_cp313
  - readline >=8.2,<9.0a0
  - tk >=8.6.13,<8.7.0a0
  - tzdata
  license: Python-2.0
  purls: []
  size: 13955531
  timestamp: 1750063132430
  python_site_packages_path: lib/python3.13/site-packages
- conda: https://conda.anaconda.org/conda-forge/noarch/python-dateutil-2.9.0.post0-pyhe01879c_2.conda
  sha256: d6a17ece93bbd5139e02d2bd7dbfa80bee1a4261dced63f65f679121686bf664
  md5: 5b8d21249ff20967101ffa321cab24e8
  depends:
  - python >=3.9
  - six >=1.5
  - python
  license: Apache-2.0
  license_family: APACHE
  size: 233310
  timestamp: 1751104122689
- conda: https://conda.anaconda.org/conda-forge/noarch/python_abi-3.13-8_cp313.conda
  build_number: 8
  sha256: 210bffe7b121e651419cb196a2a63687b087497595c9be9d20ebe97dd06060a7
  md5: 94305520c52a4aa3f6c2b1ff6008d9f8
  constrains:
  - python 3.13.* *_cp313
  license: BSD-3-Clause
  license_family: BSD
  purls: []
  size: 7002
  timestamp: 1752805902938
- conda: https://conda.anaconda.org/conda-forge/osx-64/qhull-2020.2-h3c5361c_5.conda
  sha256: 79d804fa6af9c750e8b09482559814ae18cd8df549ecb80a4873537a5a31e06e
  md5: dd1ea9ff27c93db7c01a7b7656bd4ad4
  depends:
  - __osx >=10.13
  - libcxx >=16
  license: LicenseRef-Qhull
  size: 528122
  timestamp: 1720814002588
- conda: https://conda.anaconda.org/conda-forge/osx-64/readline-8.2-h7cca4af_2.conda
  sha256: 53017e80453c4c1d97aaf78369040418dea14cf8f46a2fa999f31bd70b36c877
  md5: 342570f8e02f2f022147a7f841475784
  depends:
  - ncurses >=6.5,<7.0a0
  license: GPL-3.0-only
  license_family: GPL
  purls: []
  size: 256712
  timestamp: 1740379577668
- conda: https://conda.anaconda.org/conda-forge/osx-64/scikit-learn-1.7.1-py313hbe0a5c7_0.conda
  sha256: 8b18c638a78cecae6045c15d38eeeffc63a8723dd9def4dd3f41ad7506287153
  md5: ec0123126328fa823d853b2301aa0d49
  depends:
  - __osx >=10.13
  - joblib >=1.2.0
  - libcxx >=19
  - llvm-openmp >=19.1.7
  - numpy >=1.22.0
  - numpy >=1.23,<3
  - python >=3.13,<3.14.0a0
  - python_abi 3.13.* *_cp313
  - scipy >=1.8.0
  - threadpoolctl >=3.1.0
  license: BSD-3-Clause
  license_family: BSD
  size: 9072495
  timestamp: 1752826384806
- conda: https://conda.anaconda.org/conda-forge/osx-64/scipy-1.15.2-py313h7e69c36_0.conda
  sha256: 17f8a4eab61085516db8ae7ff202a82d017443fd284e099a503c3e13e4bee38b
  md5: 53c23f87aedf2d139d54c88894c8a07f
  depends:
  - __osx >=10.13
  - libblas >=3.9.0,<4.0a0
  - libcblas >=3.9.0,<4.0a0
  - libcxx >=18
  - libgfortran >=5
  - libgfortran5 >=13.2.0
  - liblapack >=3.9.0,<4.0a0
  - numpy <2.5
  - numpy >=1.21,<3
  - numpy >=1.23.5
  - python >=3.13,<3.14.0a0
  - python_abi 3.13.* *_cp313
  license: BSD-3-Clause
  license_family: BSD
  size: 15544151
  timestamp: 1739791810869
- conda: https://conda.anaconda.org/conda-forge/noarch/setuptools-80.9.0-pyhff2d567_0.conda
  sha256: 972560fcf9657058e3e1f97186cc94389144b46dbdf58c807ce62e83f977e863
  md5: 4de79c071274a53dcaf2a8c749d1499e
  depends:
  - python >=3.9
  license: MIT
  license_family: MIT
  size: 748788
  timestamp: 1748804951958
- conda: https://conda.anaconda.org/conda-forge/noarch/six-1.17.0-pyhe01879c_1.conda
  sha256: 458227f759d5e3fcec5d9b7acce54e10c9e1f4f4b7ec978f3bfd54ce4ee9853d
  md5: 3339e3b65d58accf4ca4fb8748ab16b3
  depends:
  - python >=3.9
  - python
  license: MIT
  license_family: MIT
  size: 18455
  timestamp: 1753199211006
- conda: https://conda.anaconda.org/conda-forge/noarch/threadpoolctl-3.6.0-pyhecae5ae_0.conda
  sha256: 6016672e0e72c4cf23c0cf7b1986283bd86a9c17e8d319212d78d8e9ae42fdfd
  md5: 9d64911b31d57ca443e9f1e36b04385f
  depends:
  - python >=3.9
  license: BSD-3-Clause
  license_family: BSD
  size: 23869
  timestamp: 1741878358548
- conda: https://conda.anaconda.org/conda-forge/osx-64/tk-8.6.13-hf689a15_2.conda
  sha256: b24468006a96b71a5f4372205ea7ec4b399b0f2a543541e86f883de54cd623fc
  md5: 9864891a6946c2fe037c02fca7392ab4
  depends:
  - __osx >=10.13
  - libzlib >=1.3.1,<2.0a0
  license: TCL
  license_family: BSD
  purls: []
  size: 3259809
  timestamp: 1748387843735
- conda: https://conda.anaconda.org/conda-forge/osx-64/tornado-6.5.1-py313h63b0ddb_0.conda
  sha256: 16dc65432ce637d64475c4f02233be2d905edac9c1dba25419bfd5b8055d52b4
  md5: 7554d07cbe64f41c73a403e99bccf3c6
  depends:
  - __osx >=10.13
  - python >=3.13,<3.14.0a0
  - python_abi 3.13.* *_cp313
  license: Apache-2.0
  license_family: Apache
  size: 874905
  timestamp: 1748003585372
- conda: https://conda.anaconda.org/conda-forge/noarch/tzdata-2025b-h78e105d_0.conda
  sha256: 5aaa366385d716557e365f0a4e9c3fca43ba196872abbbe3d56bb610d131e192
  md5: 4222072737ccff51314b5ece9c7d6f5a
  license: LicenseRef-Public-Domain
  purls: []
  size: 122968
  timestamp: 1742727099393
- conda: https://conda.anaconda.org/conda-forge/osx-64/xorg-libxau-1.0.12-h6e16a3a_0.conda
  sha256: b4d2225135aa44e551576c4f3cf999b3252da6ffe7b92f0ad45bb44b887976fc
  md5: 4cf40e60b444d56512a64f39d12c20bd
  depends:
  - __osx >=10.13
  license: MIT
  license_family: MIT
  size: 13290
  timestamp: 1734229077182
- conda: https://conda.anaconda.org/conda-forge/osx-64/xorg-libxdmcp-1.1.5-h00291cd_0.conda
  sha256: bb4d1ef9cafef535494adf9296130b6193b3a44375883185b5167de03eb1ac7f
  md5: 9f438e1b6f4e73fd9e6d78bfe7c36743
  depends:
  - __osx >=10.13
  license: MIT
  license_family: MIT
  size: 18465
  timestamp: 1727794980957
- conda: https://conda.anaconda.org/conda-forge/osx-64/zstd-1.5.7-h8210216_2.conda
  sha256: c171c43d0c47eed45085112cb00c8c7d4f0caa5a32d47f2daca727e45fb98dca
  md5: cd60a4a5a8d6a476b30d8aa4bb49251a
  depends:
  - __osx >=10.13
  - libzlib >=1.3.1,<2.0a0
  license: BSD-3-Clause
  license_family: BSD
  size: 485754
  timestamp: 1742433356230
